
Microsoft Visual Studio Solution File, Format Version 12.00
# Visual Studio Version 17
VisualStudioVersion = 17.3.32819.101
MinimumVisualStudioVersion = 10.0.40219.1
Project("{FAE04EC0-301F-11D3-BF4B-00C04F79EFBC}") = "ChatDemo", "Chat Demo\ChatDemo.csproj", "{9E97F67E-EF7E-4E0B-A990-59038D2F36E3}"
EndProject
Project("{FAE04EC0-301F-11D3-BF4B-00C04F79EFBC}") = "CommonPlace", "CommonPlace\CommonPlace.csproj", "{A17D63B7-E875-4536-8681-5EB1573E03A1}"
EndProject
Global
	GlobalSection(SolutionConfigurationPlatforms) = preSolution
		Debug|Any CPU = Debug|Any CPU
		Release|Any CPU = Release|Any CPU
	EndGlobalSection
	GlobalSection(ProjectConfigurationPlatforms) = postSolution
		{9E97F67E-EF7E-4E0B-A990-59038D2F36E3}.Debug|Any CPU.ActiveCfg = Debug|Any CPU
		{9E97F67E-EF7E-4E0B-A990-59038D2F36E3}.Debug|Any CPU.Build.0 = Debug|Any CPU
		{9E97F67E-EF7E-4E0B-A990-59038D2F36E3}.Release|Any CPU.ActiveCfg = Release|Any CPU
		{9E97F67E-EF7E-4E0B-A990-59038D2F36E3}.Release|Any CPU.Build.0 = Release|Any CPU
		{A17D63B7-E875-4536-8681-5EB1573E03A1}.Debug|Any CPU.ActiveCfg = Debug|Any CPU
		{A17D63B7-E875-4536-8681-5EB1573E03A1}.Debug|Any CPU.Build.0 = Debug|Any CPU
		{A17D63B7-E875-4536-8681-5EB1573E03A1}.Release|Any CPU.ActiveCfg = Release|Any CPU
		{A17D63B7-E875-4536-8681-5EB1573E03A1}.Release|Any CPU.Build.0 = Release|Any CPU
	EndGlobalSection
	GlobalSection(SolutionProperties) = preSolution
		HideSolutionNode = FALSE
	EndGlobalSection
	GlobalSection(ExtensibilityGlobals) = postSolution
		SolutionGuid = {37DFE1E2-E030-497E-A9D4-D355435C3C5C}
	EndGlobalSection
EndGlobal
